
Microsoft Visual Studio Solution File, Format Version 12.00
# Visual Studio Version 16
VisualStudioVersion = 16.0.29503.13
MinimumVisualStudioVersion = 10.0.40219.1
Project("{FAE04EC0-301F-11D3-BF4B-00C04F79EFBC}") = "N01374963_FinalAssignment", "N01374963_FinalAssignment\N01374963_FinalAssignment.csproj", "{4266E26E-78B4-44CE-AFD8-6129840D5D0C}"
EndProject
Global
	GlobalSection(SolutionConfigurationPlatforms) = preSolution
		Debug|Any CPU = Debug|Any CPU
		Release|Any CPU = Release|Any CPU
	EndGlobalSection
	GlobalSection(ProjectConfigurationPlatforms) = postSolution
		{4266E26E-78B4-44CE-AFD8-6129840D5D0C}.Debug|Any CPU.ActiveCfg = Debug|Any CPU
		{4266E26E-78B4-44CE-AFD8-6129840D5D0C}.Debug|Any CPU.Build.0 = Debug|Any CPU
		{4266E26E-78B4-44CE-AFD8-6129840D5D0C}.Release|Any CPU.ActiveCfg = Release|Any CPU
		{4266E26E-78B4-44CE-AFD8-6129840D5D0C}.Release|Any CPU.Build.0 = Release|Any CPU
	EndGlobalSection
	GlobalSection(SolutionProperties) = preSolution
		HideSolutionNode = FALSE
	EndGlobalSection
	GlobalSection(ExtensibilityGlobals) = postSolution
		SolutionGuid = {D40B6C9C-D6FF-4537-8191-D1DEF6266348}
	EndGlobalSection
EndGlobal
